
Microsoft Visual Studio Solution File, Format Version 12.00
# Visual Studio Version 17
VisualStudioVersion = 17.3.32819.101
MinimumVisualStudioVersion = 10.0.40219.1
Project("{FAE04EC0-301F-11D3-BF4B-00C04F79EFBC}") = "SortTheOdd", "SortTheOdd\SortTheOdd.csproj", "{33F8EA50-11A3-422D-B7F2-CC7AF62A0E28}"
EndProject
Global
	GlobalSection(SolutionConfigurationPlatforms) = preSolution
		Debug|Any CPU = Debug|Any CPU
		Release|Any CPU = Release|Any CPU
	EndGlobalSection
	GlobalSection(ProjectConfigurationPlatforms) = postSolution
		{33F8EA50-11A3-422D-B7F2-CC7AF62A0E28}.Debug|Any CPU.ActiveCfg = Debug|Any CPU
		{33F8EA50-11A3-422D-B7F2-CC7AF62A0E28}.Debug|Any CPU.Build.0 = Debug|Any CPU
		{33F8EA50-11A3-422D-B7F2-CC7AF62A0E28}.Release|Any CPU.ActiveCfg = Release|Any CPU
		{33F8EA50-11A3-422D-B7F2-CC7AF62A0E28}.Release|Any CPU.Build.0 = Release|Any CPU
	EndGlobalSection
	GlobalSection(SolutionProperties) = preSolution
		HideSolutionNode = FALSE
	EndGlobalSection
	GlobalSection(ExtensibilityGlobals) = postSolution
		SolutionGuid = {CD42FC07-99D8-4E6D-AF29-076BF69CC345}
	EndGlobalSection
EndGlobal
